
Microsoft Visual Studio Solution File, Format Version 12.00
# Visual Studio Version 17
VisualStudioVersion = 17.10.34928.147
MinimumVisualStudioVersion = 10.0.40219.1
Project("{FAE04EC0-301F-11D3-BF4B-00C04F79EFBC}") = "HospitalAppointmentProject", "HospitalAppointmentProject.csproj", "{62415734-99D6-419F-949A-67E7B0D06D8C}"
EndProject
Global
	GlobalSection(SolutionConfigurationPlatforms) = preSolution
		Debug|Any CPU = Debug|Any CPU
		Release|Any CPU = Release|Any CPU
	EndGlobalSection
	GlobalSection(ProjectConfigurationPlatforms) = postSolution
		{62415734-99D6-419F-949A-67E7B0D06D8C}.Debug|Any CPU.ActiveCfg = Debug|Any CPU
		{62415734-99D6-419F-949A-67E7B0D06D8C}.Debug|Any CPU.Build.0 = Debug|Any CPU
		{62415734-99D6-419F-949A-67E7B0D06D8C}.Release|Any CPU.ActiveCfg = Release|Any CPU
		{62415734-99D6-419F-949A-67E7B0D06D8C}.Release|Any CPU.Build.0 = Release|Any CPU
	EndGlobalSection
	GlobalSection(SolutionProperties) = preSolution
		HideSolutionNode = FALSE
	EndGlobalSection
	GlobalSection(ExtensibilityGlobals) = postSolution
		SolutionGuid = {AFC908BA-11BD-4884-8D3C-D3D647F87EEF}
	EndGlobalSection
EndGlobal
